
Microsoft Visual Studio Solution File, Format Version 12.00
# Visual Studio Version 17
VisualStudioVersion = 17.7.34031.279
MinimumVisualStudioVersion = 10.0.40219.1
Project("{FAE04EC0-301F-11D3-BF4B-00C04F79EFBC}") = "RealOnlinePickUpSys", "RealOnlinePickUpSys.csproj", "{31A7A933-DED2-4685-9435-60D3150FB302}"
EndProject
Global
	GlobalSection(SolutionConfigurationPlatforms) = preSolution
		Debug|Any CPU = Debug|Any CPU
		Release|Any CPU = Release|Any CPU
	EndGlobalSection
	GlobalSection(ProjectConfigurationPlatforms) = postSolution
		{31A7A933-DED2-4685-9435-60D3150FB302}.Debug|Any CPU.ActiveCfg = Debug|Any CPU
		{31A7A933-DED2-4685-9435-60D3150FB302}.Debug|Any CPU.Build.0 = Debug|Any CPU
		{31A7A933-DED2-4685-9435-60D3150FB302}.Release|Any CPU.ActiveCfg = Release|Any CPU
		{31A7A933-DED2-4685-9435-60D3150FB302}.Release|Any CPU.Build.0 = Release|Any CPU
	EndGlobalSection
	GlobalSection(SolutionProperties) = preSolution
		HideSolutionNode = FALSE
	EndGlobalSection
	GlobalSection(ExtensibilityGlobals) = postSolution
		SolutionGuid = {E15867D2-11D6-4298-94D9-42216E314172}
	EndGlobalSection
EndGlobal
